Microsoft Visual Studio Solution File, Format Version 12.00
# Visual Studio Version 17
VisualStudioVersion = 17.5.2.0
MinimumVisualStudioVersion = 10.0.40219.1
Project("{2150E333-8FDC-42A3-9474-1A3956D46DE8}") = "backend-api", "backend-api", "{C7FBAADB-A4A8-78B7-47F9-FD25697BB121}"
EndProject
Project("{FAE04EC0-301F-11D3-BF4B-00C04F79EFBC}") = "Ecpay", "backend-api\Ecpay\Ecpay.csproj", "{0CBCB4AA-F4AA-1F4E-82D1-284CFDA5E608}"
EndProject
Global
	GlobalSection(SolutionConfigurationPlatforms) = preSolution
		Debug|Any CPU = Debug|Any CPU
		Release|Any CPU = Release|Any CPU
	EndGlobalSection
	GlobalSection(ProjectConfigurationPlatforms) = postSolution
		{0CBCB4AA-F4AA-1F4E-82D1-284CFDA5E608}.Debug|Any CPU.ActiveCfg = Debug|Any CPU
		{0CBCB4AA-F4AA-1F4E-82D1-284CFDA5E608}.Debug|Any CPU.Build.0 = Debug|Any CPU
		{0CBCB4AA-F4AA-1F4E-82D1-284CFDA5E608}.Release|Any CPU.ActiveCfg = Release|Any CPU
		{0CBCB4AA-F4AA-1F4E-82D1-284CFDA5E608}.Release|Any CPU.Build.0 = Release|Any CPU
	EndGlobalSection
	GlobalSection(SolutionProperties) = preSolution
		HideSolutionNode = FALSE
	EndGlobalSection
	GlobalSection(NestedProjects) = preSolution
		{0CBCB4AA-F4AA-1F4E-82D1-284CFDA5E608} = {C7FBAADB-A4A8-78B7-47F9-FD25697BB121}
	EndGlobalSection
	GlobalSection(ExtensibilityGlobals) = postSolution
		SolutionGuid = {17E98027-CE5E-4D6C-9200-56092778CD39}
	EndGlobalSection
EndGlobal
